{
  "name": "angular-console",
  "version": "17.26.0",
  "lockfileVersion": 2,
  "requires": true,
  "packages": {
    "": {
      "name": "angular-console",
      "version": "17.26.0",
      "license": "MIT",
      "dependencies": {
        "@monodon/typescript-nx-imports-plugin": "0.2.0",
        "@vscode/webview-ui-toolkit": "^1.2.0",
        "@yarnpkg/fslib": "2.6.1-rc.5",
        "@yarnpkg/libzip": "2.2.3-rc.5",
        "jsonc-parser": "^3.0.0"
      },
      "engines": {
        "vscode": "^1.71.0"
      }
    },
    "node_modules/@microsoft/fast-element": {
      "version": "1.11.0",
      "resolved": "https://registry.npmjs.org/@microsoft/fast-element/-/fast-element-1.11.0.tgz",
      "integrity": "sha512-VKJYMkS5zgzHHb66sY7AFpYv6IfFhXrjQcAyNgi2ivD65My1XOhtjfKez5ELcLFRJfgZNAxvI8kE69apXERTkw=="
    },
    "node_modules/@microsoft/fast-foundation": {
      "version": "2.47.0",
      "resolved": "https://registry.npmjs.org/@microsoft/fast-foundation/-/fast-foundation-2.47.0.tgz",
      "integrity": "sha512-EyFuioaZQ9ngjUNRQi8R3dIPPsaNQdUOS+tP0G7b1MJRhXmQWIitBM6IeveQA6ZvXG6H21dqgrfEWlsYrUZ2sw==",
      "dependencies": {
        "@microsoft/fast-element": "^1.11.0",
        "@microsoft/fast-web-utilities": "^5.4.1",
        "tabbable": "^5.2.0",
        "tslib": "^1.13.0"
      }
    },
    "node_modules/@microsoft/fast-react-wrapper": {
      "version": "0.1.48",
      "resolved": "https://registry.npmjs.org/@microsoft/fast-react-wrapper/-/fast-react-wrapper-0.1.48.tgz",
      "integrity": "sha512-9NvEjru9Kn5ZKjomAMX6v+eF0DR+eDkxKDwDfi+Wb73kTbrNzcnmlwd4diN15ygH97kldgj2+lpvI4CKLQQWLg==",
      "dependencies": {
        "@microsoft/fast-element": "^1.9.0",
        "@microsoft/fast-foundation": "^2.41.1"
      },
      "peerDependencies": {
        "react": ">=16.9.0"
      }
    },
    "node_modules/@microsoft/fast-web-utilities": {
      "version": "5.4.1",
      "resolved": "https://registry.npmjs.org/@microsoft/fast-web-utilities/-/fast-web-utilities-5.4.1.tgz",
      "integrity": "sha512-ReWYncndjV3c8D8iq9tp7NcFNc1vbVHvcBFPME2nNFKNbS1XCesYZGlIlf3ot5EmuOXPlrzUHOWzQ2vFpIkqDg==",
      "dependencies": {
        "exenv-es6": "^1.1.1"
      }
    },
    "node_modules/@monodon/typescript-nx-imports-plugin": {
      "version": "0.2.0",
      "resolved": "https://registry.npmjs.org/@monodon/typescript-nx-imports-plugin/-/typescript-nx-imports-plugin-0.2.0.tgz",
      "integrity": "sha512-57uzBjo+9DfcTAO5DUnpJdER5RIG3Txiue2dFPJX4LGqDfdiAUWXMHej5EKv+f+Swwt/Gatg+QQVO6OLAQgDgw=="
    },
    "node_modules/@types/emscripten": {
      "version": "1.39.6",
      "resolved": "https://registry.npmjs.org/@types/emscripten/-/emscripten-1.39.6.tgz",
      "integrity": "sha512-H90aoynNhhkQP6DRweEjJp5vfUVdIj7tdPLsu7pq89vODD/lcugKfZOsfgwpvM6XUewEp2N5dCg1Uf3Qe55Dcg=="
    },
    "node_modules/@vscode/webview-ui-toolkit": {
      "version": "1.2.0",
      "resolved": "https://registry.npmjs.org/@vscode/webview-ui-toolkit/-/webview-ui-toolkit-1.2.0.tgz",
      "integrity": "sha512-3ai3B2iFK0myqSnEgK9JZd1nKJIR1zgOlQbwSqHS9Y15cyO0diyjsKzcDFCnuBI1UG4vmekWp+xWSTbrh36kLw==",
      "dependencies": {
        "@microsoft/fast-element": "^1.6.2",
        "@microsoft/fast-foundation": "^2.38.0",
        "@microsoft/fast-react-wrapper": "^0.1.18"
      },
      "peerDependencies": {
        "react": ">=16.9.0"
      }
    },
    "node_modules/@yarnpkg/fslib": {
      "version": "2.6.1-rc.5",
      "resolved": "https://registry.npmjs.org/@yarnpkg/fslib/-/fslib-2.6.1-rc.5.tgz",
      "integrity": "sha512-Q17w9RQqqCf9ovxSjAftYLoZuUxZ+OKhRPy4iQhLxp1chd4Gl4UUC02LhknrmVrjhetol0UVkYnm17errAKgRQ==",
      "dependencies": {
        "@yarnpkg/libzip": "^2.2.3-rc.5",
        "tslib": "^1.13.0"
      },
      "engines": {
        "node": ">=12 <14 || 14.2 - 14.9 || >14.10.0"
      }
    },
    "node_modules/@yarnpkg/libzip": {
      "version": "2.2.3-rc.5",
      "resolved": "https://registry.npmjs.org/@yarnpkg/libzip/-/libzip-2.2.3-rc.5.tgz",
      "integrity": "sha512-EidaTdtQERjqhtmL3AZzPH2o/91mJQIOpI/Pmvta0hElgAozscslgYEfvifYNq7QnHxkGf7oP+43q7ljz1I+ew==",
      "dependencies": {
        "@types/emscripten": "^1.38.0",
        "tslib": "^1.13.0"
      },
      "engines": {
        "node": ">=12 <14 || 14.2 - 14.9 || >14.10.0"
      }
    },
    "node_modules/exenv-es6": {
      "version": "1.1.1",
      "resolved": "https://registry.npmjs.org/exenv-es6/-/exenv-es6-1.1.1.tgz",
      "integrity": "sha512-vlVu3N8d6yEMpMsEm+7sUBAI81aqYYuEvfK0jNqmdb/OPXzzH7QWDDnVjMvDSY47JdHEqx/dfC/q8WkfoTmpGQ=="
    },
    "node_modules/js-tokens": {
      "version": "4.0.0",
      "resolved": "https://registry.npmjs.org/js-tokens/-/js-tokens-4.0.0.tgz",
      "integrity": "sha512-RdJUflcE3cUzKiMqQgsCu06FPu9UdIJO0beYbPhHN4k6apgJtifcoCtT9bcxOpYBtpD2kCM6Sbzg4CausW/PKQ==",
      "peer": true
    },
    "node_modules/jsonc-parser": {
      "version": "3.2.0",
      "resolved": "https://registry.npmjs.org/jsonc-parser/-/jsonc-parser-3.2.0.tgz",
      "integrity": "sha512-gfFQZrcTc8CnKXp6Y4/CBT3fTc0OVuDofpre4aEeEpSBPV5X5v4+Vmx+8snU7RLPrNHPKSgLxGo9YuQzz20o+w=="
    },
    "node_modules/loose-envify": {
      "version": "1.4.0",
      "resolved": "https://registry.npmjs.org/loose-envify/-/loose-envify-1.4.0.tgz",
      "integrity": "sha512-lyuxPGr/Wfhrlem2CL/UcnUc1zcqKAImBDzukY7Y5F/yQiNdko6+fRLevlw1HgMySw7f611UIY408EtxRSoK3Q==",
      "peer": true,
      "dependencies": {
        "js-tokens": "^3.0.0 || ^4.0.0"
      },
      "bin": {
        "loose-envify": "cli.js"
      }
    },
    "node_modules/react": {
      "version": "18.2.0",
      "resolved": "https://registry.npmjs.org/react/-/react-18.2.0.tgz",
      "integrity": "sha512-/3IjMdb2L9QbBdWiW5e3P2/npwMBaU9mHCSCUzNln0ZCYbcfTsGbTJrU/kGemdH2IWmB2ioZ+zkxtmq6g09fGQ==",
      "peer": true,
      "dependencies": {
        "loose-envify": "^1.1.0"
      },
      "engines": {
        "node": ">=0.10.0"
      }
    },
    "node_modules/tabbable": {
      "version": "5.3.3",
      "resolved": "https://registry.npmjs.org/tabbable/-/tabbable-5.3.3.tgz",
      "integrity": "sha512-QD9qKY3StfbZqWOPLp0++pOrAVb/HbUi5xCc8cUo4XjP19808oaMiDzn0leBY5mCespIBM0CIZePzZjgzR83kA=="
    },
    "node_modules/tslib": {
      "version": "1.14.1",
      "resolved": "https://registry.npmjs.org/tslib/-/tslib-1.14.1.tgz",
      "integrity": "sha512-Xni35NKzjgMrwevysHTCArtLDpPvye8zV/0E4EyYn43P7/7qvQwPh9BGkHewbMulVntbigmcT7rdX3BNo9wRJg=="
    }
  },
  "dependencies": {
    "@microsoft/fast-element": {
      "version": "1.11.0",
      "resolved": "https://registry.npmjs.org/@microsoft/fast-element/-/fast-element-1.11.0.tgz",
      "integrity": "sha512-VKJYMkS5zgzHHb66sY7AFpYv6IfFhXrjQcAyNgi2ivD65My1XOhtjfKez5ELcLFRJfgZNAxvI8kE69apXERTkw=="
    },
    "@microsoft/fast-foundation": {
      "version": "2.47.0",
      "resolved": "https://registry.npmjs.org/@microsoft/fast-foundation/-/fast-foundation-2.47.0.tgz",
      "integrity": "sha512-EyFuioaZQ9ngjUNRQi8R3dIPPsaNQdUOS+tP0G7b1MJRhXmQWIitBM6IeveQA6ZvXG6H21dqgrfEWlsYrUZ2sw==",
      "requires": {
        "@microsoft/fast-element": "^1.11.0",
        "@microsoft/fast-web-utilities": "^5.4.1",
        "tabbable": "^5.2.0",
        "tslib": "^1.13.0"
      }
    },
    "@microsoft/fast-react-wrapper": {
      "version": "0.1.48",
      "resolved": "https://registry.npmjs.org/@microsoft/fast-react-wrapper/-/fast-react-wrapper-0.1.48.tgz",
      "integrity": "sha512-9NvEjru9Kn5ZKjomAMX6v+eF0DR+eDkxKDwDfi+Wb73kTbrNzcnmlwd4diN15ygH97kldgj2+lpvI4CKLQQWLg==",
      "requires": {
        "@microsoft/fast-element": "^1.9.0",
        "@microsoft/fast-foundation": "^2.41.1"
      }
    },
    "@microsoft/fast-web-utilities": {
      "version": "5.4.1",
      "resolved": "https://registry.npmjs.org/@microsoft/fast-web-utilities/-/fast-web-utilities-5.4.1.tgz",
      "integrity": "sha512-ReWYncndjV3c8D8iq9tp7NcFNc1vbVHvcBFPME2nNFKNbS1XCesYZGlIlf3ot5EmuOXPlrzUHOWzQ2vFpIkqDg==",
      "requires": {
        "exenv-es6": "^1.1.1"
      }
    },
    "@monodon/typescript-nx-imports-plugin": {
      "version": "0.2.0",
      "resolved": "https://registry.npmjs.org/@monodon/typescript-nx-imports-plugin/-/typescript-nx-imports-plugin-0.2.0.tgz",
      "integrity": "sha512-57uzBjo+9DfcTAO5DUnpJdER5RIG3Txiue2dFPJX4LGqDfdiAUWXMHej5EKv+f+Swwt/Gatg+QQVO6OLAQgDgw=="
    },
    "@types/emscripten": {
      "version": "1.39.6",
      "resolved": "https://registry.npmjs.org/@types/emscripten/-/emscripten-1.39.6.tgz",
      "integrity": "sha512-H90aoynNhhkQP6DRweEjJp5vfUVdIj7tdPLsu7pq89vODD/lcugKfZOsfgwpvM6XUewEp2N5dCg1Uf3Qe55Dcg=="
    },
    "@vscode/webview-ui-toolkit": {
      "version": "1.2.0",
      "resolved": "https://registry.npmjs.org/@vscode/webview-ui-toolkit/-/webview-ui-toolkit-1.2.0.tgz",
      "integrity": "sha512-3ai3B2iFK0myqSnEgK9JZd1nKJIR1zgOlQbwSqHS9Y15cyO0diyjsKzcDFCnuBI1UG4vmekWp+xWSTbrh36kLw==",
      "requires": {
        "@microsoft/fast-element": "^1.6.2",
        "@microsoft/fast-foundation": "^2.38.0",
        "@microsoft/fast-react-wrapper": "^0.1.18"
      }
    },
    "@yarnpkg/fslib": {
      "version": "2.6.1-rc.5",
      "resolved": "https://registry.npmjs.org/@yarnpkg/fslib/-/fslib-2.6.1-rc.5.tgz",
      "integrity": "sha512-Q17w9RQqqCf9ovxSjAftYLoZuUxZ+OKhRPy4iQhLxp1chd4Gl4UUC02LhknrmVrjhetol0UVkYnm17errAKgRQ==",
      "requires": {
        "@yarnpkg/libzip": "^2.2.3-rc.5",
        "tslib": "^1.13.0"
      }
    },
    "@yarnpkg/libzip": {
      "version": "2.2.3-rc.5",
      "resolved": "https://registry.npmjs.org/@yarnpkg/libzip/-/libzip-2.2.3-rc.5.tgz",
      "integrity": "sha512-EidaTdtQERjqhtmL3AZzPH2o/91mJQIOpI/Pmvta0hElgAozscslgYEfvifYNq7QnHxkGf7oP+43q7ljz1I+ew==",
      "requires": {
        "@types/emscripten": "^1.38.0",
        "tslib": "^1.13.0"
      }
    },
    "exenv-es6": {
      "version": "1.1.1",
      "resolved": "https://registry.npmjs.org/exenv-es6/-/exenv-es6-1.1.1.tgz",
      "integrity": "sha512-vlVu3N8d6yEMpMsEm+7sUBAI81aqYYuEvfK0jNqmdb/OPXzzH7QWDDnVjMvDSY47JdHEqx/dfC/q8WkfoTmpGQ=="
    },
    "js-tokens": {
      "version": "4.0.0",
      "resolved": "https://registry.npmjs.org/js-tokens/-/js-tokens-4.0.0.tgz",
      "integrity": "sha512-RdJUflcE3cUzKiMqQgsCu06FPu9UdIJO0beYbPhHN4k6apgJtifcoCtT9bcxOpYBtpD2kCM6Sbzg4CausW/PKQ==",
      "peer": true
    },
    "jsonc-parser": {
      "version": "3.2.0",
      "resolved": "https://registry.npmjs.org/jsonc-parser/-/jsonc-parser-3.2.0.tgz",
      "integrity": "sha512-gfFQZrcTc8CnKXp6Y4/CBT3fTc0OVuDofpre4aEeEpSBPV5X5v4+Vmx+8snU7RLPrNHPKSgLxGo9YuQzz20o+w=="
    },
    "loose-envify": {
      "version": "1.4.0",
      "resolved": "https://registry.npmjs.org/loose-envify/-/loose-envify-1.4.0.tgz",
      "integrity": "sha512-lyuxPGr/Wfhrlem2CL/UcnUc1zcqKAImBDzukY7Y5F/yQiNdko6+fRLevlw1HgMySw7f611UIY408EtxRSoK3Q==",
      "peer": true,
      "requires": {
        "js-tokens": "^3.0.0 || ^4.0.0"
      }
    },
    "react": {
      "version": "18.2.0",
      "resolved": "https://registry.npmjs.org/react/-/react-18.2.0.tgz",
      "integrity": "sha512-/3IjMdb2L9QbBdWiW5e3P2/npwMBaU9mHCSCUzNln0ZCYbcfTsGbTJrU/kGemdH2IWmB2ioZ+zkxtmq6g09fGQ==",
      "peer": true,
      "requires": {
        "loose-envify": "^1.1.0"
      }
    },
    "tabbable": {
      "version": "5.3.3",
      "resolved": "https://registry.npmjs.org/tabbable/-/tabbable-5.3.3.tgz",
      "integrity": "sha512-QD9qKY3StfbZqWOPLp0++pOrAVb/HbUi5xCc8cUo4XjP19808oaMiDzn0leBY5mCespIBM0CIZePzZjgzR83kA=="
    },
    "tslib": {
      "version": "1.14.1",
      "resolved": "https://registry.npmjs.org/tslib/-/tslib-1.14.1.tgz",
      "integrity": "sha512-Xni35NKzjgMrwevysHTCArtLDpPvye8zV/0E4EyYn43P7/7qvQwPh9BGkHewbMulVntbigmcT7rdX3BNo9wRJg=="
    }
  }
}
